// !$*UTF8*$!
{
	archiveVersion = 1;
	classes = {
	};
	objectVersion = 46;
	objects = {

/* Begin PBXBuildFile section */
		19455D941BF0E23E0031E937 /* SettingsController.swift in Sources */ = {isa = PBXBuildFile; fileRef = 19455D931BF0E23E0031E937 /* SettingsController.swift */; };
		19455D961BF0E5920031E937 /* SettiingAppleWatchController.swift in Sources */ = {isa = PBXBuildFile; fileRef = 19455D951BF0E5920031E937 /* SettiingAppleWatchController.swift */; };
		19471DA61BE3E4830067AD85 /* Utility.swift in Sources */ = {isa = PBXBuildFile; fileRef = 19471DA51BE3E4830067AD85 /* Utility.swift */; };
		19471DA91BE4DDEE0067AD85 /* TimeInterval+NSDate.swift in Sources */ = {isa = PBXBuildFile; fileRef = 19471DA81BE4DDEE0067AD85 /* TimeInterval+NSDate.swift */; };
		19471DAB1BE5C1F90067AD85 /* NotifyUtils.swift in Sources */ = {isa = PBXBuildFile; fileRef = 19471DAA1BE5C1F90067AD85 /* NotifyUtils.swift */; };
		196201581BF8CBC400B07BAB /* Localizable.strings in Resources */ = {isa = PBXBuildFile; fileRef = 1962015A1BF8CBC400B07BAB /* Localizable.strings */; };
		196201661BF8D37300B07BAB /* Localizable.strings in Resources */ = {isa = PBXBuildFile; fileRef = 196201681BF8D37300B07BAB /* Localizable.strings */; };
		1979961A1BF39B5300F24083 /* TimerList.swift in Sources */ = {isa = PBXBuildFile; fileRef = 197996191BF39B5300F24083 /* TimerList.swift */; };
		1979961C1BF39C5200F24083 /* TimerListCell.swift in Sources */ = {isa = PBXBuildFile; fileRef = 1979961B1BF39C5200F24083 /* TimerListCell.swift */; };
		1979961E1BF3A42D00F24083 /* WatchSettingList.swift in Sources */ = {isa = PBXBuildFile; fileRef = 1979961D1BF3A42D00F24083 /* WatchSettingList.swift */; };
		197996201BF3A47700F24083 /* WatchSettingListCell.swift in Sources */ = {isa = PBXBuildFile; fileRef = 1979961F1BF3A47700F24083 /* WatchSettingListCell.swift */; };
		198C4A941C00CB3A006B92C8 /* LaunchScreen.storyboard in Resources */ = {isa = PBXBuildFile; fileRef = 198C4A931C00CB3A006B92C8 /* LaunchScreen.storyboard */; };
		199448C71BDCEEE600F5E45C /* AppDelegate.swift in Sources */ = {isa = PBXBuildFile; fileRef = 199448C61BDCEEE600F5E45C /* AppDelegate.swift */; };
		199448C91BDCEEE600F5E45C /* TimerListViewController.swift in Sources */ = {isa = PBXBuildFile; fileRef = 199448C81BDCEEE600F5E45C /* TimerListViewController.swift */; };
		199448CC1BDCEEE600F5E45C /* Main.storyboard in Resources */ = {isa = PBXBuildFile; fileRef = 199448CA1BDCEEE600F5E45C /* Main.storyboard */; };
		199448CF1BDCEEE600F5E45C /* IntervalTimer.xcdatamodeld in Sources */ = {isa = PBXBuildFile; fileRef = 199448CD1BDCEEE600F5E45C /* IntervalTimer.xcdatamodeld */; };
		199448D11BDCEEE600F5E45C /* Assets.xcassets in Resources */ = {isa = PBXBuildFile; fileRef = 199448D01BDCEEE600F5E45C /* Assets.xcassets */; };
		199448DE1BDCFC9900F5E45C /* TimerEditViewController.swift in Sources */ = {isa = PBXBuildFile; fileRef = 199448DD1BDCFC9900F5E45C /* TimerEditViewController.swift */; };
		199448E11BDCFEF500F5E45C /* TimerEntity+CoreDataProperties.swift in Sources */ = {isa = PBXBuildFile; fileRef = 199448DF1BDCFEF500F5E45C /* TimerEntity+CoreDataProperties.swift */; };
		199448E21BDCFEF500F5E45C /* TimerEntity.swift in Sources */ = {isa = PBXBuildFile; fileRef = 199448E01BDCFEF500F5E45C /* TimerEntity.swift */; };
		19E35B9E1C005AED00EC2398 /* WatchAssets.xcassets in Resources */ = {isa = PBXBuildFile; fileRef = 19E35B9D1C005AED00EC2398 /* WatchAssets.xcassets */; };
		19FDAA0B1BE8E4CF003B2934 /* WatchConnectivity.framework in Frameworks */ = {isa = PBXBuildFile; fileRef = 19FDAA091BE8E4CF003B2934 /* WatchConnectivity.framework */; };
		19FDAA0C1BE8E4CF003B2934 /* WatchKit.framework in Frameworks */ = {isa = PBXBuildFile; fileRef = 19FDAA0A1BE8E4CF003B2934 /* WatchKit.framework */; };
		19FDAA131BE8E67B003B2934 /* Interface.storyboard in Resources */ = {isa = PBXBuildFile; fileRef = 19FDAA111BE8E67B003B2934 /* Interface.storyboard */; };
		19FDAA1C1BE8E67B003B2934 /* Watch Extension.appex in Embed App Extensions */ = {isa = PBXBuildFile; fileRef = 19FDAA1B1BE8E67B003B2934 /* Watch Extension.appex */; settings = {ATTRIBUTES = (RemoveHeadersOnCopy, ); }; };
		19FDAA211BE8E67B003B2934 /* TimerListController.swift in Sources */ = {isa = PBXBuildFile; fileRef = 19FDAA201BE8E67B003B2934 /* TimerListController.swift */; };
		19FDAA231BE8E67B003B2934 /* ExtensionDelegate.swift in Sources */ = {isa = PBXBuildFile; fileRef = 19FDAA221BE8E67B003B2934 /* ExtensionDelegate.swift */; };
		19FDAA251BE8E67B003B2934 /* ComplicationController.swift in Sources */ = {isa = PBXBuildFile; fileRef = 19FDAA241BE8E67B003B2934 /* ComplicationController.swift */; };
		19FDAA271BE8E67B003B2934 /* WatchAssets.xcassets in Resources */ = {isa = PBXBuildFile; fileRef = 19FDAA261BE8E67B003B2934 /* WatchAssets.xcassets */; };
		19FDAA2B1BE8E67B003B2934 /* Watch.app in Embed Watch Content */ = {isa = PBXBuildFile; fileRef = 19FDAA0F1BE8E67B003B2934 /* Watch.app */; };
		19FDAA371BE8EB64003B2934 /* IntervalTimer.xcdatamodeld in Sources */ = {isa = PBXBuildFile; fileRef = 199448CD1BDCEEE600F5E45C /* IntervalTimer.xcdatamodeld */; };
		19FDAA381BE8EB9A003B2934 /* TimerEntity.swift in Sources */ = {isa = PBXBuildFile; fileRef = 199448E01BDCFEF500F5E45C /* TimerEntity.swift */; };
		19FDAA391BE8EB9E003B2934 /* TimerEntity+CoreDataProperties.swift in Sources */ = {isa = PBXBuildFile; fileRef = 199448DF1BDCFEF500F5E45C /* TimerEntity+CoreDataProperties.swift */; };
		19FDAA461BE8F4F1003B2934 /* IntervalTimerKit.framework in Frameworks */ = {isa = PBXBuildFile; fileRef = 19FDAA3F1BE8F4F1003B2934 /* IntervalTimerKit.framework */; };
		19FDAA471BE8F4F1003B2934 /* IntervalTimerKit.framework in Embed Frameworks */ = {isa = PBXBuildFile; fileRef = 19FDAA3F1BE8F4F1003B2934 /* IntervalTimerKit.framework */; settings = {ATTRIBUTES = (CodeSignOnCopy, RemoveHeadersOnCopy, ); }; };
		19FDAA4D1BE8F5D1003B2934 /* DataAccess.swift in Sources */ = {isa = PBXBuildFile; fileRef = 19FDAA4C1BE8F5D1003B2934 /* DataAccess.swift */; };
/* End PBXBuildFile section */

/* Begin PBXContainerItemProxy section */
		19FDAA1D1BE8E67B003B2934 /* PBXContainerItemProxy */ = {
			isa = PBXContainerItemProxy;
			containerPortal = 199448BB1BDCEEE600F5E45C /* Project object */;
			proxyType = 1;
			remoteGlobalIDString = 19FDAA1A1BE8E67B003B2934;
			remoteInfo = "Watch Extension";
		};
		19FDAA291BE8E67B003B2934 /* PBXContainerItemProxy */ = {
			isa = PBXContainerItemProxy;
			containerPortal = 199448BB1BDCEEE600F5E45C /* Project object */;
			proxyType = 1;
			remoteGlobalIDString = 19FDAA0E1BE8E67B003B2934;
			remoteInfo = Watch;
		};
		19FDAA441BE8F4F1003B2934 /* PBXContainerItemProxy */ = {
			isa = PBXContainerItemProxy;
			containerPortal = 199448BB1BDCEEE600F5E45C /* Project object */;
			proxyType = 1;
			remoteGlobalIDString = 19FDAA3E1BE8F4F1003B2934;
			remoteInfo = IntervalTimerKit;
		};
/* End PBXContainerItemProxy section */

/* Begin PBXCopyFilesBuildPhase section */
		1949B3281BEA4D5400D730F3 /* CopyFiles */ = {
			isa = PBXCopyFilesBuildPhase;
			buildActionMask = 2147483647;
			dstPath = "include/$(PRODUCT_NAME)";
			dstSubfolderSpec = 16;
			files = (
			);
			runOnlyForDeploymentPostprocessing = 0;
		};
		19FDAA2F1BE8E67B003B2934 /* Embed App Extensions */ = {
			isa = PBXCopyFilesBuildPhase;
			buildActionMask = 2147483647;
			dstPath = "";
			dstSubfolderSpec = 13;
			files = (
				19FDAA1C1BE8E67B003B2934 /* Watch Extension.appex in Embed App Extensions */,
			);
			name = "Embed App Extensions";
			runOnlyForDeploymentPostprocessing = 0;
		};
		19FDAA331BE8E67B003B2934 /* Embed Watch Content */ = {
			isa = PBXCopyFilesBuildPhase;
			buildActionMask = 2147483647;
			dstPath = "$(CONTENTS_FOLDER_PATH)/Watch";
			dstSubfolderSpec = 16;
			files = (
				19FDAA2B1BE8E67B003B2934 /* Watch.app in Embed Watch Content */,
			);
			name = "Embed Watch Content";
			runOnlyForDeploymentPostprocessing = 0;
		};
		19FDAA4B1BE8F4F1003B2934 /* Embed Frameworks */ = {
			isa = PBXCopyFilesBuildPhase;
			buildActionMask = 2147483647;
			dstPath = "";
			dstSubfolderSpec = 10;
			files = (
				19FDAA471BE8F4F1003B2934 /* IntervalTimerKit.framework in Embed Frameworks */,
			);
			name = "Embed Frameworks";
			runOnlyForDeploymentPostprocessing = 0;
		};
/* End PBXCopyFilesBuildPhase section */

/* Begin PBXFileReference section */
		19455D931BF0E23E0031E937 /* SettingsController.swift */ = {isa = PBXFileReference; fileEncoding = 4; lastKnownFileType = sourcecode.swift; path = SettingsController.swift; sourceTree = "<group>"; };
		19455D951BF0E5920031E937 /* SettiingAppleWatchController.swift */ = {isa = PBXFileReference; fileEncoding = 4; lastKnownFileType = sourcecode.swift; path = SettiingAppleWatchController.swift; sourceTree = "<group>"; };
		19471DA51BE3E4830067AD85 /* Utility.swift */ = {isa = PBXFileReference; fileEncoding = 4; lastKnownFileType = sourcecode.swift; path = Utility.swift; sourceTree = "<group>"; };
		19471DA81BE4DDEE0067AD85 /* TimeInterval+NSDate.swift */ = {isa = PBXFileReference; fileEncoding = 4; lastKnownFileType = sourcecode.swift; path = "TimeInterval+NSDate.swift"; sourceTree = "<group>"; };
		19471DAA1BE5C1F90067AD85 /* NotifyUtils.swift */ = {isa = PBXFileReference; fileEncoding = 4; lastKnownFileType = sourcecode.swift; path = NotifyUtils.swift; sourceTree = "<group>"; };
		1949B32A1BEA4D5400D730F3 /* libIntervalTimerKit2.a */ = {isa = PBXFileReference; explicitFileType = archive.ar; includeInIndex = 0; path = libIntervalTimerKit2.a; sourceTree = BUILT_PRODUCTS_DIR; };
		1962014E1BF8C9B600B07BAB /* ja */ = {isa = PBXFileReference; lastKnownFileType = text.plist.strings; name = ja; path = ja.lproj/Main.strings; sourceTree = "<group>"; };
		1962014F1BF8C9B600B07BAB /* ja */ = {isa = PBXFileReference; lastKnownFileType = text.plist.strings; name = ja; path = ja.lproj/Interface.strings; sourceTree = "<group>"; };
		196201511BF8C9E600B07BAB /* en */ = {isa = PBXFileReference; lastKnownFileType = text.plist.strings; name = en; path = en.lproj/Main.strings; sourceTree = "<group>"; };
		196201531BF8CAD100B07BAB /* en */ = {isa = PBXFileReference; lastKnownFileType = text.plist.strings; name = en; path = en.lproj/Interface.strings; sourceTree = "<group>"; };
		196201591BF8CBC400B07BAB /* Base */ = {isa = PBXFileReference; lastKnownFileType = text.plist.strings; name = Base; path = Base.lproj/Localizable.strings; sourceTree = "<group>"; };
		1962015B1BF8CBCE00B07BAB /* en */ = {isa = PBXFileReference; lastKnownFileType = text.plist.strings; name = en; path = en.lproj/Localizable.strings; sourceTree = "<group>"; };
		1962015C1BF8CBCF00B07BAB /* ja */ = {isa = PBXFileReference; lastKnownFileType = text.plist.strings; name = ja; path = ja.lproj/Localizable.strings; sourceTree = "<group>"; };
		196201671BF8D37300B07BAB /* Base */ = {isa = PBXFileReference; lastKnownFileType = text.plist.strings; name = Base; path = Base.lproj/Localizable.strings; sourceTree = "<group>"; };
		196201691BF8D37400B07BAB /* en */ = {isa = PBXFileReference; lastKnownFileType = text.plist.strings; name = en; path = en.lproj/Localizable.strings; sourceTree = "<group>"; };
		1962016A1BF8D37500B07BAB /* ja */ = {isa = PBXFileReference; lastKnownFileType = text.plist.strings; name = ja; path = ja.lproj/Localizable.strings; sourceTree = "<group>"; };
		197996191BF39B5300F24083 /* TimerList.swift */ = {isa = PBXFileReference; fileEncoding = 4; lastKnownFileType = sourcecode.swift; path = TimerList.swift; sourceTree = "<group>"; };
		1979961B1BF39C5200F24083 /* TimerListCell.swift */ = {isa = PBXFileReference; fileEncoding = 4; lastKnownFileType = sourcecode.swift; path = TimerListCell.swift; sourceTree = "<group>"; };
		1979961D1BF3A42D00F24083 /* WatchSettingList.swift */ = {isa = PBXFileReference; fileEncoding = 4; lastKnownFileType = sourcecode.swift; path = WatchSettingList.swift; sourceTree = "<group>"; };
		1979961F1BF3A47700F24083 /* WatchSettingListCell.swift */ = {isa = PBXFileReference; fileEncoding = 4; lastKnownFileType = sourcecode.swift; path = WatchSettingListCell.swift; sourceTree = "<group>"; };
		198C4A931C00CB3A006B92C8 /* LaunchScreen.storyboard */ = {isa = PBXFileReference; fileEncoding = 4; lastKnownFileType = file.storyboard; path = LaunchScreen.storyboard; sourceTree = "<group>"; };
		199448C31BDCEEE600F5E45C /* IntervalTimer.app */ = {isa = PBXFileReference; explicitFileType = wrapper.application; includeInIndex = 0; path = IntervalTimer.app; sourceTree = BUILT_PRODUCTS_DIR; };
		199448C61BDCEEE600F5E45C /* AppDelegate.swift */ = {isa = PBXFileReference; lastKnownFileType = sourcecode.swift; path = AppDelegate.swift; sourceTree = "<group>"; };
		199448C81BDCEEE600F5E45C /* TimerListViewController.swift */ = {isa = PBXFileReference; lastKnownFileType = sourcecode.swift; path = TimerListViewController.swift; sourceTree = "<group>"; };
		199448CB1BDCEEE600F5E45C /* Base */ = {isa = PBXFileReference; lastKnownFileType = file.storyboard; name = Base; path = Base.lproj/Main.storyboard; sourceTree = "<group>"; };
		199448CE1BDCEEE600F5E45C /* IntervalTimer.xcdatamodel */ = {isa = PBXFileReference; lastKnownFileType = wrapper.xcdatamodel; path = IntervalTimer.xcdatamodel; sourceTree = "<group>"; };
		199448D01BDCEEE600F5E45C /* Assets.xcassets */ = {isa = PBXFileReference; lastKnownFileType = folder.assetcatalog; path = Assets.xcassets; sourceTree = "<group>"; };
		199448D51BDCEEE600F5E45C /* Info.plist */ = {isa = PBXFileReference; lastKnownFileType = text.plist.xml; path = Info.plist; sourceTree = "<group>"; };
		199448DD1BDCFC9900F5E45C /* TimerEditViewController.swift */ = {isa = PBXFileReference; fileEncoding = 4; lastKnownFileType = sourcecode.swift; path = TimerEditViewController.swift; sourceTree = "<group>"; };
		199448DF1BDCFEF500F5E45C /* TimerEntity+CoreDataProperties.swift */ = {isa = PBXFileReference; fileEncoding = 4; lastKnownFileType = sourcecode.swift; path = "TimerEntity+CoreDataProperties.swift"; sourceTree = "<group>"; };
		199448E01BDCFEF500F5E45C /* TimerEntity.swift */ = {isa = PBXFileReference; fileEncoding = 4; lastKnownFileType = sourcecode.swift; path = TimerEntity.swift; sourceTree = "<group>"; };
		19E35B9D1C005AED00EC2398 /* WatchAssets.xcassets */ = {isa = PBXFileReference; lastKnownFileType = folder.assetcatalog; path = WatchAssets.xcassets; sourceTree = "<group>"; };
		19FDAA091BE8E4CF003B2934 /* WatchConnectivity.framework */ = {isa = PBXFileReference; lastKnownFileType = wrapper.framework; name = WatchConnectivity.framework; path = System/Library/Frameworks/WatchConnectivity.framework; sourceTree = SDKROOT; };
		19FDAA0A1BE8E4CF003B2934 /* WatchKit.framework */ = {isa = PBXFileReference; lastKnownFileType = wrapper.framework; name = WatchKit.framework; path = System/Library/Frameworks/WatchKit.framework; sourceTree = SDKROOT; };
		19FDAA0F1BE8E67B003B2934 /* Watch.app */ = {isa = PBXFileReference; explicitFileType = wrapper.application; includeInIndex = 0; path = Watch.app; sourceTree = BUILT_PRODUCTS_DIR; };
		19FDAA121BE8E67B003B2934 /* Base */ = {isa = PBXFileReference; lastKnownFileType = file.storyboard; name = Base; path = Base.lproj/Interface.storyboard; sourceTree = "<group>"; };
		19FDAA161BE8E67B003B2934 /* Info.plist */ = {isa = PBXFileReference; lastKnownFileType = text.plist.xml; path = Info.plist; sourceTree = "<group>"; };
		19FDAA1B1BE8E67B003B2934 /* Watch Extension.appex */ = {isa = PBXFileReference; explicitFileType = "wrapper.app-extension"; includeInIndex = 0; path = "Watch Extension.appex"; sourceTree = BUILT_PRODUCTS_DIR; };
		19FDAA201BE8E67B003B2934 /* TimerListController.swift */ = {isa = PBXFileReference; lastKnownFileType = sourcecode.swift; path = TimerListController.swift; sourceTree = "<group>"; };
		19FDAA221BE8E67B003B2934 /* ExtensionDelegate.swift */ = {isa = PBXFileReference; lastKnownFileType = sourcecode.swift; path = ExtensionDelegate.swift; sourceTree = "<group>"; };
		19FDAA241BE8E67B003B2934 /* ComplicationController.swift */ = {isa = PBXFileReference; lastKnownFileType = sourcecode.swift; path = ComplicationController.swift; sourceTree = "<group>"; };
		19FDAA261BE8E67B003B2934 /* WatchAssets.xcassets */ = {isa = PBXFileReference; lastKnownFileType = folder.assetcatalog; path = WatchAssets.xcassets; sourceTree = "<group>"; };
		19FDAA281BE8E67B003B2934 /* Info.plist */ = {isa = PBXFileReference; lastKnownFileType = text.plist.xml; path = Info.plist; sourceTree = "<group>"; };
		19FDAA341BE8E848003B2934 /* IntervalTimer.entitlements */ = {isa = PBXFileReference; lastKnownFileType = text.xml; path = IntervalTimer.entitlements; sourceTree = "<group>"; };
		19FDAA351BE8E987003B2934 /* Watch.entitlements */ = {isa = PBXFileReference; lastKnownFileType = text.xml; path = Watch.entitlements; sourceTree = "<group>"; };
		19FDAA361BE8E99B003B2934 /* Watch Extension.entitlements */ = {isa = PBXFileReference; lastKnownFileType = text.xml; path = "Watch Extension.entitlements"; sourceTree = "<group>"; };
		19FDAA3F1BE8F4F1003B2934 /* IntervalTimerKit.framework */ = {isa = PBXFileReference; explicitFileType = wrapper.framework; includeInIndex = 0; path = IntervalTimerKit.framework; sourceTree = BUILT_PRODUCTS_DIR; };
		19FDAA431BE8F4F1003B2934 /* Info.plist */ = {isa = PBXFileReference; lastKnownFileType = text.plist.xml; path = Info.plist; sourceTree = "<group>"; };
		19FDAA4C1BE8F5D1003B2934 /* DataAccess.swift */ = {isa = PBXFileReference; fileEncoding = 4; lastKnownFileType = sourcecode.swift; path = DataAccess.swift; sourceTree = "<group>"; };
/* End PBXFileReference section */

/* Begin PBXFrameworksBuildPhase section */
		1949B3271BEA4D5400D730F3 /* Frameworks */ = {
			isa = PBXFrameworksBuildPhase;
			buildActionMask = 2147483647;
			files = (
			);
			runOnlyForDeploymentPostprocessing = 0;
		};
		199448C01BDCEEE600F5E45C /* Frameworks */ = {
			isa = PBXFrameworksBuildPhase;
			buildActionMask = 2147483647;
			files = (
				19FDAA0B1BE8E4CF003B2934 /* WatchConnectivity.framework in Frameworks */,
				19FDAA461BE8F4F1003B2934 /* IntervalTimerKit.framework in Frameworks */,
				19FDAA0C1BE8E4CF003B2934 /* WatchKit.framework in Frameworks */,
			);
			runOnlyForDeploymentPostprocessing = 0;
		};
		19FDAA181BE8E67B003B2934 /* Frameworks */ = {
			isa = PBXFrameworksBuildPhase;
			buildActionMask = 2147483647;
			files = (
			);
			runOnlyForDeploymentPostprocessing = 0;
		};
		19FDAA3B1BE8F4F1003B2934 /* Frameworks */ = {
			isa = PBXFrameworksBuildPhase;
			buildActionMask = 2147483647;
			files = (
			);
			runOnlyForDeploymentPostprocessing = 0;
		};
/* End PBXFrameworksBuildPhase section */

/* Begin PBXGroup section */
		199448BA1BDCEEE600F5E45C = {
			isa = PBXGroup;
			children = (
				19471DA51BE3E4830067AD85 /* Utility.swift */,
				1962015A1BF8CBC400B07BAB /* Localizable.strings */,
				19471DA81BE4DDEE0067AD85 /* TimeInterval+NSDate.swift */,
				19471DAA1BE5C1F90067AD85 /* NotifyUtils.swift */,
				19FDAA091BE8E4CF003B2934 /* WatchConnectivity.framework */,
				19FDAA0A1BE8E4CF003B2934 /* WatchKit.framework */,
				199448C51BDCEEE600F5E45C /* IntervalTimer */,
				19FDAA101BE8E67B003B2934 /* Watch */,
				19FDAA1F1BE8E67B003B2934 /* Watch Extension */,
				19FDAA401BE8F4F1003B2934 /* IntervalTimerKit */,
				199448C41BDCEEE600F5E45C /* Products */,
			);
			sourceTree = "<group>";
		};
		199448C41BDCEEE600F5E45C /* Products */ = {
			isa = PBXGroup;
			children = (
				199448C31BDCEEE600F5E45C /* IntervalTimer.app */,
				19FDAA0F1BE8E67B003B2934 /* Watch.app */,
				19FDAA1B1BE8E67B003B2934 /* Watch Extension.appex */,
				19FDAA3F1BE8F4F1003B2934 /* IntervalTimerKit.framework */,
				1949B32A1BEA4D5400D730F3 /* libIntervalTimerKit2.a */,
			);
			name = Products;
			sourceTree = "<group>";
		};
		199448C51BDCEEE600F5E45C /* IntervalTimer */ = {
			isa = PBXGroup;
			children = (
				19FDAA341BE8E848003B2934 /* IntervalTimer.entitlements */,
				199448C61BDCEEE600F5E45C /* AppDelegate.swift */,
				199448C81BDCEEE600F5E45C /* TimerListViewController.swift */,
				197996191BF39B5300F24083 /* TimerList.swift */,
				1979961D1BF3A42D00F24083 /* WatchSettingList.swift */,
				1979961B1BF39C5200F24083 /* TimerListCell.swift */,
				1979961F1BF3A47700F24083 /* WatchSettingListCell.swift */,
				199448CA1BDCEEE600F5E45C /* Main.storyboard */,
				199448DD1BDCFC9900F5E45C /* TimerEditViewController.swift */,
				199448D01BDCEEE600F5E45C /* Assets.xcassets */,
				199448D51BDCEEE600F5E45C /* Info.plist */,
				199448CD1BDCEEE600F5E45C /* IntervalTimer.xcdatamodeld */,
				199448DF1BDCFEF500F5E45C /* TimerEntity+CoreDataProperties.swift */,
				199448E01BDCFEF500F5E45C /* TimerEntity.swift */,
				19455D931BF0E23E0031E937 /* SettingsController.swift */,
				19455D951BF0E5920031E937 /* SettiingAppleWatchController.swift */,
				198C4A931C00CB3A006B92C8 /* LaunchScreen.storyboard */,
			);
			path = IntervalTimer;
			sourceTree = "<group>";
		};
		19FDAA101BE8E67B003B2934 /* Watch */ = {
			isa = PBXGroup;
			children = (
				19FDAA351BE8E987003B2934 /* Watch.entitlements */,
				19FDAA111BE8E67B003B2934 /* Interface.storyboard */,
				19FDAA161BE8E67B003B2934 /* Info.plist */,
				19E35B9D1C005AED00EC2398 /* WatchAssets.xcassets */,
			);
			path = Watch;
			sourceTree = "<group>";
		};
		19FDAA1F1BE8E67B003B2934 /* Watch Extension */ = {
			isa = PBXGroup;
			children = (
				19FDAA361BE8E99B003B2934 /* Watch Extension.entitlements */,
				19FDAA201BE8E67B003B2934 /* TimerListController.swift */,
				19FDAA221BE8E67B003B2934 /* ExtensionDelegate.swift */,
				19FDAA241BE8E67B003B2934 /* ComplicationController.swift */,
				19FDAA281BE8E67B003B2934 /* Info.plist */,
				19FDAA261BE8E67B003B2934 /* WatchAssets.xcassets */,
				196201681BF8D37300B07BAB /* Localizable.strings */,
			);
			path = "Watch Extension";
			sourceTree = "<group>";
		};
		19FDAA401BE8F4F1003B2934 /* IntervalTimerKit */ = {
			isa = PBXGroup;
			children = (
				19FDAA4C1BE8F5D1003B2934 /* DataAccess.swift */,
				19FDAA431BE8F4F1003B2934 /* Info.plist */,
			);
			path = IntervalTimerKit;
			sourceTree = "<group>";
		};
/* End PBXGroup section */

/* Begin PBXHeadersBuildPhase section */
		19FDAA3C1BE8F4F1003B2934 /* Headers */ = {
			isa = PBXHeadersBuildPhase;
			buildActionMask = 2147483647;
			files = (
			);
			runOnlyForDeploymentPostprocessing = 0;
		};
/* End PBXHeadersBuildPhase section */

/* Begin PBXNativeTarget section */
		1949B3291BEA4D5400D730F3 /* IntervalTimerKit2 */ = {
			isa = PBXNativeTarget;
			buildConfigurationList = 1949B3301BEA4D5400D730F3 /* Build configuration list for PBXNativeTarget "IntervalTimerKit2" */;
			buildPhases = (
				1949B3261BEA4D5400D730F3 /* Sources */,
				1949B3271BEA4D5400D730F3 /* Frameworks */,
				1949B3281BEA4D5400D730F3 /* CopyFiles */,
			);
			buildRules = (
			);
			dependencies = (
			);
			name = IntervalTimerKit2;
			productName = IntervalTimerKit2;
			productReference = 1949B32A1BEA4D5400D730F3 /* libIntervalTimerKit2.a */;
			productType = "com.apple.product-type.library.static";
		};
		199448C21BDCEEE600F5E45C /* IntervalTimer */ = {
			isa = PBXNativeTarget;
			buildConfigurationList = 199448D81BDCEEE600F5E45C /* Build configuration list for PBXNativeTarget "IntervalTimer" */;
			buildPhases = (
				199448BF1BDCEEE600F5E45C /* Sources */,
				199448C01BDCEEE600F5E45C /* Frameworks */,
				199448C11BDCEEE600F5E45C /* Resources */,
				19FDAA331BE8E67B003B2934 /* Embed Watch Content */,
				19FDAA4B1BE8F4F1003B2934 /* Embed Frameworks */,
			);
			buildRules = (
			);
			dependencies = (
				19FDAA2A1BE8E67B003B2934 /* PBXTargetDependency */,
				19FDAA451BE8F4F1003B2934 /* PBXTargetDependency */,
			);
			name = IntervalTimer;
			productName = IntervalTimer;
			productReference = 199448C31BDCEEE600F5E45C /* IntervalTimer.app */;
			productType = "com.apple.product-type.application";
		};
		19FDAA0E1BE8E67B003B2934 /* Watch */ = {
			isa = PBXNativeTarget;
			buildConfigurationList = 19FDAA301BE8E67B003B2934 /* Build configuration list for PBXNativeTarget "Watch" */;
			buildPhases = (
				19FDAA0D1BE8E67B003B2934 /* Resources */,
				19FDAA2F1BE8E67B003B2934 /* Embed App Extensions */,
			);
			buildRules = (
			);
			dependencies = (
				19FDAA1E1BE8E67B003B2934 /* PBXTargetDependency */,
			);
			name = Watch;
			productName = Watch;
			productReference = 19FDAA0F1BE8E67B003B2934 /* Watch.app */;
			productType = "com.apple.product-type.application.watchapp2";
		};
		19FDAA1A1BE8E67B003B2934 /* Watch Extension */ = {
			isa = PBXNativeTarget;
			buildConfigurationList = 19FDAA2C1BE8E67B003B2934 /* Build configuration list for PBXNativeTarget "Watch Extension" */;
			buildPhases = (
				19FDAA171BE8E67B003B2934 /* Sources */,
				19FDAA181BE8E67B003B2934 /* Frameworks */,
				19FDAA191BE8E67B003B2934 /* Resources */,
			);
			buildRules = (
			);
			dependencies = (
			);
			name = "Watch Extension";
			productName = "Watch Extension";
			productReference = 19FDAA1B1BE8E67B003B2934 /* Watch Extension.appex */;
			productType = "com.apple.product-type.watchkit2-extension";
		};
		19FDAA3E1BE8F4F1003B2934 /* IntervalTimerKit */ = {
			isa = PBXNativeTarget;
			buildConfigurationList = 19FDAA481BE8F4F1003B2934 /* Build configuration list for PBXNativeTarget "IntervalTimerKit" */;
			buildPhases = (
				19FDAA3A1BE8F4F1003B2934 /* Sources */,
				19FDAA3B1BE8F4F1003B2934 /* Frameworks */,
				19FDAA3C1BE8F4F1003B2934 /* Headers */,
				19FDAA3D1BE8F4F1003B2934 /* Resources */,
			);
			buildRules = (
			);
			dependencies = (
			);
			name = IntervalTimerKit;
			productName = IntervalTimerKit;
			productReference = 19FDAA3F1BE8F4F1003B2934 /* IntervalTimerKit.framework */;
			productType = "com.apple.product-type.framework";
		};
/* End PBXNativeTarget section */

/* Begin PBXProject section */
		199448BB1BDCEEE600F5E45C /* Project object */ = {
			isa = PBXProject;
			attributes = {
				LastSwiftUpdateCheck = 0710;
				LastUpgradeCheck = 0930;
				ORGANIZATIONNAME = "Yuki Yoshinaga";
				TargetAttributes = {
					1949B3291BEA4D5400D730F3 = {
						CreatedOnToolsVersion = 7.1;
					};
					199448C21BDCEEE600F5E45C = {
						CreatedOnToolsVersion = 7.1;
						DevelopmentTeam = ZQYAYZMHPA;
						ProvisioningStyle = Automatic;
						SystemCapabilities = {
							com.apple.ApplicationGroups.iOS = {
								enabled = 0;
							};
						};
					};
					19FDAA0E1BE8E67B003B2934 = {
						CreatedOnToolsVersion = 7.1;
						DevelopmentTeam = ZQYAYZMHPA;
						ProvisioningStyle = Automatic;
						SystemCapabilities = {
							com.apple.ApplicationGroups.iOS = {
								enabled = 0;
							};
						};
					};
					19FDAA1A1BE8E67B003B2934 = {
						CreatedOnToolsVersion = 7.1;
						DevelopmentTeam = ZQYAYZMHPA;
						ProvisioningStyle = Automatic;
						SystemCapabilities = {
							com.apple.ApplicationGroups.iOS = {
								enabled = 0;
							};
						};
					};
					19FDAA3E1BE8F4F1003B2934 = {
						CreatedOnToolsVersion = 7.1;
						DevelopmentTeam = ZQYAYZMHPA;
					};
				};
			};
			buildConfigurationList = 199448BE1BDCEEE600F5E45C /* Build configuration list for PBXProject "IntervalTimer" */;
			compatibilityVersion = "Xcode 3.2";
			developmentRegion = English;
			hasScannedForEncodings = 0;
			knownRegions = (
				en,
				Base,
				ja,
			);
			mainGroup = 199448BA1BDCEEE600F5E45C;
			productRefGroup = 199448C41BDCEEE600F5E45C /* Products */;
			projectDirPath = "";
			projectRoot = "";
			targets = (
				199448C21BDCEEE600F5E45C /* IntervalTimer */,
				19FDAA0E1BE8E67B003B2934 /* Watch */,
				19FDAA1A1BE8E67B003B2934 /* Watch Extension */,
				19FDAA3E1BE8F4F1003B2934 /* IntervalTimerKit */,
				1949B3291BEA4D5400D730F3 /* IntervalTimerKit2 */,
			);
		};
/* End PBXProject section */

/* Begin PBXResourcesBuildPhase section */
		199448C11BDCEEE600F5E45C /* Resources */ = {
			isa = PBXResourcesBuildPhase;
			buildActionMask = 2147483647;
			files = (
				199448D11BDCEEE600F5E45C /* Assets.xcassets in Resources */,
				198C4A941C00CB3A006B92C8 /* LaunchScreen.storyboard in Resources */,
				196201581BF8CBC400B07BAB /* Localizable.strings in Resources */,
				199448CC1BDCEEE600F5E45C /* Main.storyboard in Resources */,
			);
			runOnlyForDeploymentPostprocessing = 0;
		};
		19FDAA0D1BE8E67B003B2934 /* Resources */ = {
			isa = PBXResourcesBuildPhase;
			buildActionMask = 2147483647;
			files = (
				19E35B9E1C005AED00EC2398 /* WatchAssets.xcassets in Resources */,
				19FDAA131BE8E67B003B2934 /* Interface.storyboard in Resources */,
			);
			runOnlyForDeploymentPostprocessing = 0;
		};
		19FDAA191BE8E67B003B2934 /* Resources */ = {
			isa = PBXResourcesBuildPhase;
			buildActionMask = 2147483647;
			files = (
				19FDAA271BE8E67B003B2934 /* WatchAssets.xcassets in Resources */,
				196201661BF8D37300B07BAB /* Localizable.strings in Resources */,
			);
			runOnlyForDeploymentPostprocessing = 0;
		};
		19FDAA3D1BE8F4F1003B2934 /* Resources */ = {
			isa = PBXResourcesBuildPhase;
			buildActionMask = 2147483647;
			files = (
			);
			runOnlyForDeploymentPostprocessing = 0;
		};
/* End PBXResourcesBuildPhase section */

/* Begin PBXSourcesBuildPhase section */
		1949B3261BEA4D5400D730F3 /* Sources */ = {
			isa = PBXSourcesBuildPhase;
			buildActionMask = 2147483647;
			files = (
			);
			runOnlyForDeploymentPostprocessing = 0;
		};
		199448BF1BDCEEE600F5E45C /* Sources */ = {
			isa = PBXSourcesBuildPhase;
			buildActionMask = 2147483647;
			files = (
				197996201BF3A47700F24083 /* WatchSettingListCell.swift in Sources */,
				19471DAB1BE5C1F90067AD85 /* NotifyUtils.swift in Sources */,
				19471DA61BE3E4830067AD85 /* Utility.swift in Sources */,
				199448CF1BDCEEE600F5E45C /* IntervalTimer.xcdatamodeld in Sources */,
				1979961A1BF39B5300F24083 /* TimerList.swift in Sources */,
				1979961E1BF3A42D00F24083 /* WatchSettingList.swift in Sources */,
				19471DA91BE4DDEE0067AD85 /* TimeInterval+NSDate.swift in Sources */,
				19455D961BF0E5920031E937 /* SettiingAppleWatchController.swift in Sources */,
				19455D941BF0E23E0031E937 /* SettingsController.swift in Sources */,
				199448C91BDCEEE600F5E45C /* TimerListViewController.swift in Sources */,
				199448DE1BDCFC9900F5E45C /* TimerEditViewController.swift in Sources */,
				1979961C1BF39C5200F24083 /* TimerListCell.swift in Sources */,
				199448C71BDCEEE600F5E45C /* AppDelegate.swift in Sources */,
				199448E21BDCFEF500F5E45C /* TimerEntity.swift in Sources */,
				199448E11BDCFEF500F5E45C /* TimerEntity+CoreDataProperties.swift in Sources */,
			);
			runOnlyForDeploymentPostprocessing = 0;
		};
		19FDAA171BE8E67B003B2934 /* Sources */ = {
			isa = PBXSourcesBuildPhase;
			buildActionMask = 2147483647;
			files = (
				19FDAA371BE8EB64003B2934 /* IntervalTimer.xcdatamodeld in Sources */,
				19FDAA231BE8E67B003B2934 /* ExtensionDelegate.swift in Sources */,
				19FDAA211BE8E67B003B2934 /* TimerListController.swift in Sources */,
				19FDAA381BE8EB9A003B2934 /* TimerEntity.swift in Sources */,
				19FDAA391BE8EB9E003B2934 /* TimerEntity+CoreDataProperties.swift in Sources */,
				19FDAA251BE8E67B003B2934 /* ComplicationController.swift in Sources */,
			);
			runOnlyForDeploymentPostprocessing = 0;
		};
		19FDAA3A1BE8F4F1003B2934 /* Sources */ = {
			isa = PBXSourcesBuildPhase;
			buildActionMask = 2147483647;
			files = (
				19FDAA4D1BE8F5D1003B2934 /* DataAccess.swift in Sources */,
			);
			runOnlyForDeploymentPostprocessing = 0;
		};
/* End PBXSourcesBuildPhase section */

/* Begin PBXTargetDependency section */
		19FDAA1E1BE8E67B003B2934 /* PBXTargetDependency */ = {
			isa = PBXTargetDependency;
			target = 19FDAA1A1BE8E67B003B2934 /* Watch Extension */;
			targetProxy = 19FDAA1D1BE8E67B003B2934 /* PBXContainerItemProxy */;
		};
		19FDAA2A1BE8E67B003B2934 /* PBXTargetDependency */ = {
			isa = PBXTargetDependency;
			target = 19FDAA0E1BE8E67B003B2934 /* Watch */;
			targetProxy = 19FDAA291BE8E67B003B2934 /* PBXContainerItemProxy */;
		};
		19FDAA451BE8F4F1003B2934 /* PBXTargetDependency */ = {
			isa = PBXTargetDependency;
			target = 19FDAA3E1BE8F4F1003B2934 /* IntervalTimerKit */;
			targetProxy = 19FDAA441BE8F4F1003B2934 /* PBXContainerItemProxy */;
		};
/* End PBXTargetDependency section */

/* Begin PBXVariantGroup section */
		1962015A1BF8CBC400B07BAB /* Localizable.strings */ = {
			isa = PBXVariantGroup;
			children = (
				196201591BF8CBC400B07BAB /* Base */,
				1962015B1BF8CBCE00B07BAB /* en */,
				1962015C1BF8CBCF00B07BAB /* ja */,
			);
			name = Localizable.strings;
			sourceTree = "<group>";
		};
		196201681BF8D37300B07BAB /* Localizable.strings */ = {
			isa = PBXVariantGroup;
			children = (
				196201671BF8D37300B07BAB /* Base */,
				196201691BF8D37400B07BAB /* en */,
				1962016A1BF8D37500B07BAB /* ja */,
			);
			name = Localizable.strings;
			sourceTree = "<group>";
		};
		199448CA1BDCEEE600F5E45C /* Main.storyboard */ = {
			isa = PBXVariantGroup;
			children = (
				199448CB1BDCEEE600F5E45C /* Base */,
				1962014E1BF8C9B600B07BAB /* ja */,
				196201511BF8C9E600B07BAB /* en */,
			);
			name = Main.storyboard;
			sourceTree = "<group>";
		};
		19FDAA111BE8E67B003B2934 /* Interface.storyboard */ = {
			isa = PBXVariantGroup;
			children = (
				19FDAA121BE8E67B003B2934 /* Base */,
				1962014F1BF8C9B600B07BAB /* ja */,
				196201531BF8CAD100B07BAB /* en */,
			);
			name = Interface.storyboard;
			sourceTree = "<group>";
		};
/* End PBXVariantGroup section */

/* Begin XCBuildConfiguration section */
		1949B3311BEA4D5400D730F3 /* Debug */ = {
			isa = XCBuildConfiguration;
			buildSettings = {
				CLANG_ENABLE_MODULES = YES;
				IPHONEOS_DEPLOYMENT_TARGET = 9.1;
				LD_RUNPATH_SEARCH_PATHS = "$(inherited) @executable_path/Frameworks @loader_path/Frameworks";
				OTHER_LDFLAGS = "-ObjC";
				PRODUCT_NAME = "$(TARGET_NAME)";
				SKIP_INSTALL = YES;
				SWIFT_OBJC_BRIDGING_HEADER = "IntervalTimerKit2/IntervalTimerKit2-Bridging-Header.h";
				SWIFT_OPTIMIZATION_LEVEL = "-Onone";
			};
			name = Debug;
		};
		1949B3321BEA4D5400D730F3 /* Release */ = {
			isa = XCBuildConfiguration;
			buildSettings = {
				CLANG_ENABLE_MODULES = YES;
				IPHONEOS_DEPLOYMENT_TARGET = 9.1;
				LD_RUNPATH_SEARCH_PATHS = "$(inherited) @executable_path/Frameworks @loader_path/Frameworks";
				OTHER_LDFLAGS = "-ObjC";
				PRODUCT_NAME = "$(TARGET_NAME)";
				SKIP_INSTALL = YES;
				SWIFT_OBJC_BRIDGING_HEADER = "IntervalTimerKit2/IntervalTimerKit2-Bridging-Header.h";
			};
			name = Release;
		};
		199448D61BDCEEE600F5E45C /* Debug */ = {
			isa = XCBuildConfiguration;
			buildSettings = {
				ALWAYS_SEARCH_USER_PATHS = NO;
				CLANG_ANALYZER_LOCALIZABILITY_NONLOCALIZED = YES;
				CLANG_CXX_LANGUAGE_STANDARD = "gnu++0x";
				CLANG_CXX_LIBRARY = "libc++";
				CLANG_ENABLE_MODULES = YES;
				CLANG_ENABLE_OBJC_ARC = YES;
				CLANG_WARN_BLOCK_CAPTURE_AUTORELEASING = YES;
				CLANG_WARN_BOOL_CONVERSION = YES;
				CLANG_WARN_COMMA = YES;
				CLANG_WARN_CONSTANT_CONVERSION = YES;
				CLANG_WARN_DEPRECATED_OBJC_IMPLEMENTATIONS = YES;
				CLANG_WARN_DIRECT_OBJC_ISA_USAGE = YES_ERROR;
				CLANG_WARN_EMPTY_BODY = YES;
				CLANG_WARN_ENUM_CONVERSION = YES;
				CLANG_WARN_INFINITE_RECURSION = YES;
				CLANG_WARN_INT_CONVERSION = YES;
				CLANG_WARN_NON_LITERAL_NULL_CONVERSION = YES;
				CLANG_WARN_OBJC_IMPLICIT_RETAIN_SELF = YES;
				CLANG_WARN_OBJC_LITERAL_CONVERSION = YES;
				CLANG_WARN_OBJC_ROOT_CLASS = YES_ERROR;
				CLANG_WARN_RANGE_LOOP_ANALYSIS = YES;
				CLANG_WARN_STRICT_PROTOTYPES = YES;
				CLANG_WARN_SUSPICIOUS_MOVE = YES;
				CLANG_WARN_UNREACHABLE_CODE = YES;
				CLANG_WARN__DUPLICATE_METHOD_MATCH = YES;
				CODE_SIGN_IDENTITY = "iPhone Developer: Yuuki Yoshinaga (A78W8R4KK4)";
				"CODE_SIGN_IDENTITY[sdk=iphoneos*]" = "iPhone Developer: Yuuki Yoshinaga (A78W8R4KK4)";
				COPY_PHASE_STRIP = NO;
				DEBUG_INFORMATION_FORMAT = dwarf;
				ENABLE_STRICT_OBJC_MSGSEND = YES;
				ENABLE_TESTABILITY = YES;
				GCC_C_LANGUAGE_STANDARD = gnu99;
				GCC_DYNAMIC_NO_PIC = NO;
				GCC_NO_COMMON_BLOCKS = YES;
				GCC_OPTIMIZATION_LEVEL = 0;
				GCC_PREPROCESSOR_DEFINITIONS = (
					"DEBUG=1",
					"$(inherited)",
				);
				GCC_WARN_64_TO_32_BIT_CONVERSION = YES;
				GCC_WARN_ABOUT_RETURN_TYPE = YES_ERROR;
				GCC_WARN_UNDECLARED_SELECTOR = YES;
				GCC_WARN_UNINITIALIZED_AUTOS = YES_AGGRESSIVE;
				GCC_WARN_UNUSED_FUNCTION = YES;
				GCC_WARN_UNUSED_VARIABLE = YES;
				IPHONEOS_DEPLOYMENT_TARGET = 10.0;
				MTL_ENABLE_DEBUG_INFO = YES;
				ONLY_ACTIVE_ARCH = YES;
				PROVISIONING_PROFILE = "9da8a381-dcfd-45c9-bcb9-017522dfd706";
				SDKROOT = iphoneos;
				SWIFT_OPTIMIZATION_LEVEL = "-Onone";
			};
			name = Debug;
		};
		199448D71BDCEEE600F5E45C /* Release */ = {
			isa = XCBuildConfiguration;
			buildSettings = {
				ALWAYS_SEARCH_USER_PATHS = NO;
				CLANG_ANALYZER_LOCALIZABILITY_NONLOCALIZED = YES;
				CLANG_CXX_LANGUAGE_STANDARD = "gnu++0x";
				CLANG_CXX_LIBRARY = "libc++";
				CLANG_ENABLE_MODULES = YES;
				CLANG_ENABLE_OBJC_ARC = YES;
				CLANG_WARN_BLOCK_CAPTURE_AUTORELEASING = YES;
				CLANG_WARN_BOOL_CONVERSION = YES;
				CLANG_WARN_COMMA = YES;
				CLANG_WARN_CONSTANT_CONVERSION = YES;
				CLANG_WARN_DEPRECATED_OBJC_IMPLEMENTATIONS = YES;
				CLANG_WARN_DIRECT_OBJC_ISA_USAGE = YES_ERROR;
				CLANG_WARN_EMPTY_BODY = YES;
				CLANG_WARN_ENUM_CONVERSION = YES;
				CLANG_WARN_INFINITE_RECURSION = YES;
				CLANG_WARN_INT_CONVERSION = YES;
				CLANG_WARN_NON_LITERAL_NULL_CONVERSION = YES;
				CLANG_WARN_OBJC_IMPLICIT_RETAIN_SELF = YES;
				CLANG_WARN_OBJC_LITERAL_CONVERSION = YES;
				CLANG_WARN_OBJC_ROOT_CLASS = YES_ERROR;
				CLANG_WARN_RANGE_LOOP_ANALYSIS = YES;
				CLANG_WARN_STRICT_PROTOTYPES = YES;
				CLANG_WARN_SUSPICIOUS_MOVE = YES;
				CLANG_WARN_UNREACHABLE_CODE = YES;
				CLANG_WARN__DUPLICATE_METHOD_MATCH = YES;
				CODE_SIGN_IDENTITY = "iPhone Distribution: Yuuki Yoshinaga (ZQYAYZMHPA)";
				"CODE_SIGN_IDENTITY[sdk=iphoneos*]" = "iPhone Distribution: Yuuki Yoshinaga (ZQYAYZMHPA)";
				COPY_PHASE_STRIP = NO;
				DEBUG_INFORMATION_FORMAT = "dwarf-with-dsym";
				ENABLE_NS_ASSERTIONS = NO;
				ENABLE_STRICT_OBJC_MSGSEND = YES;
				GCC_C_LANGUAGE_STANDARD = gnu99;
				GCC_NO_COMMON_BLOCKS = YES;
				GCC_WARN_64_TO_32_BIT_CONVERSION = YES;
				GCC_WARN_ABOUT_RETURN_TYPE = YES_ERROR;
				GCC_WARN_UNDECLARED_SELECTOR = YES;
				GCC_WARN_UNINITIALIZED_AUTOS = YES_AGGRESSIVE;
				GCC_WARN_UNUSED_FUNCTION = YES;
				GCC_WARN_UNUSED_VARIABLE = YES;
				IPHONEOS_DEPLOYMENT_TARGET = 10.0;
				MTL_ENABLE_DEBUG_INFO = NO;
				PROVISIONING_PROFILE = "8f717186-d9fb-4101-9fe5-cb7538b2f2c1";
				SDKROOT = iphoneos;
				SWIFT_OPTIMIZATION_LEVEL = "-Owholemodule";
				VALIDATE_PRODUCT = YES;
			};
			name = Release;
		};
		199448D91BDCEEE600F5E45C /* Debug */ = {
			isa = XCBuildConfiguration;
			buildSettings = {
				ALWAYS_EMBED_SWIFT_STANDARD_LIBRARIES = YES;
				ASSETCATALOG_COMPILER_APPICON_NAME = iOSAppIcon;
				CODE_SIGN_IDENTITY = "iPhone Developer: Yuuki Yoshinaga (A78W8R4KK4)";
				"CODE_SIGN_IDENTITY[sdk=iphoneos*]" = "iPhone Developer";
				CODE_SIGN_STYLE = Automatic;
				DEVELOPMENT_TEAM = "";
				INFOPLIST_FILE = IntervalTimer/Info.plist;
				IPHONEOS_DEPLOYMENT_TARGET = 10.0;
				LD_RUNPATH_SEARCH_PATHS = "$(inherited) @executable_path/Frameworks";
				PRODUCT_BUNDLE_IDENTIFIER = jp.yuki.yoshinaga.IntervalTimer;
				PRODUCT_NAME = "$(TARGET_NAME)";
				PROVISIONING_PROFILE = "";
				PROVISIONING_PROFILE_SPECIFIER = "";
				SWIFT_VERSION = 4.0;
			};
			name = Debug;
		};
		199448DA1BDCEEE600F5E45C /* Release */ = {
			isa = XCBuildConfiguration;
			buildSettings = {
				ALWAYS_EMBED_SWIFT_STANDARD_LIBRARIES = YES;
				ASSETCATALOG_COMPILER_APPICON_NAME = iOSAppIcon;
				CODE_SIGN_IDENTITY = "iPhone Distribution: Yuuki Yoshinaga (ZQYAYZMHPA)";
				"CODE_SIGN_IDENTITY[sdk=iphoneos*]" = "iPhone Developer";
				CODE_SIGN_STYLE = Automatic;
				DEVELOPMENT_TEAM = "";
				INFOPLIST_FILE = IntervalTimer/Info.plist;
				IPHONEOS_DEPLOYMENT_TARGET = 10.0;
				LD_RUNPATH_SEARCH_PATHS = "$(inherited) @executable_path/Frameworks";
				ONLY_ACTIVE_ARCH = YES;
				PRODUCT_BUNDLE_IDENTIFIER = jp.yuki.yoshinaga.IntervalTimer;
				PRODUCT_NAME = "$(TARGET_NAME)";
				PROVISIONING_PROFILE = "";
				PROVISIONING_PROFILE_SPECIFIER = "";
				SWIFT_VERSION = 4.0;
			};
			name = Release;
		};
		19FDAA2D1BE8E67B003B2934 /* Debug */ = {
			isa = XCBuildConfiguration;
			buildSettings = {
				ASSETCATALOG_COMPILER_COMPLICATION_NAME = Complication;
				CODE_SIGN_IDENTITY = "iPhone Developer: Yuuki Yoshinaga (A78W8R4KK4)";
				"CODE_SIGN_IDENTITY[sdk=iphoneos*]" = "iPhone Developer: Yuuki Yoshinaga (A78W8R4KK4)";
				"CODE_SIGN_IDENTITY[sdk=watchos*]" = "iPhone Developer";
				CODE_SIGN_STYLE = Automatic;
				DEVELOPMENT_TEAM = "";
				ENABLE_TESTABILITY = YES;
				INFOPLIST_FILE = "Watch Extension/Info.plist";
				LD_RUNPATH_SEARCH_PATHS = "$(inherited) @executable_path/Frameworks @executable_path/../../Frameworks";
				PRODUCT_BUNDLE_IDENTIFIER = jp.yuki.yoshinaga.IntervalTimer.watchkitapp.watchkitextension;
				PRODUCT_NAME = "${TARGET_NAME}";
				PROVISIONING_PROFILE = "";
				PROVISIONING_PROFILE_SPECIFIER = "";
				SDKROOT = watchos;
				SKIP_INSTALL = YES;
				SWIFT_VERSION = 4.0;
				TARGETED_DEVICE_FAMILY = 4;
				WATCHOS_DEPLOYMENT_TARGET = 4.0;
			};
			name = Debug;
		};
		19FDAA2E1BE8E67B003B2934 /* Release */ = {
			isa = XCBuildConfiguration;
			buildSettings = {
				ASSETCATALOG_COMPILER_COMPLICATION_NAME = Complication;
				CODE_SIGN_IDENTITY = "iPhone Distribution: Yuuki Yoshinaga (ZQYAYZMHPA)";
				"CODE_SIGN_IDENTITY[sdk=iphoneos*]" = "iPhone Distribution: Yuuki Yoshinaga (ZQYAYZMHPA)";
				"CODE_SIGN_IDENTITY[sdk=watchos*]" = "iPhone Developer";
				CODE_SIGN_STYLE = Automatic;
				DEVELOPMENT_TEAM = "";
				ENABLE_TESTABILITY = YES;
				INFOPLIST_FILE = "Watch Extension/Info.plist";
				LD_RUNPATH_SEARCH_PATHS = "$(inherited) @executable_path/Frameworks @executable_path/../../Frameworks";
				PRODUCT_BUNDLE_IDENTIFIER = jp.yuki.yoshinaga.IntervalTimer.watchkitapp.watchkitextension;
				PRODUCT_NAME = "${TARGET_NAME}";
				PROVISIONING_PROFILE = "";
				PROVISIONING_PROFILE_SPECIFIER = "";
				SDKROOT = watchos;
				SKIP_INSTALL = YES;
				SWIFT_VERSION = 4.0;
				TARGETED_DEVICE_FAMILY = 4;
				WATCHOS_DEPLOYMENT_TARGET = 4.0;
			};
			name = Release;
		};
		19FDAA311BE8E67B003B2934 /* Debug */ = {
			isa = XCBuildConfiguration;
			buildSettings = {
				ALWAYS_EMBED_SWIFT_STANDARD_LIBRARIES = YES;
				ASSETCATALOG_COMPILER_APPICON_NAME = WatchAppIcon;
				CODE_SIGN_IDENTITY = "iPhone Developer: Yuuki Yoshinaga (A78W8R4KK4)";
				"CODE_SIGN_IDENTITY[sdk=iphoneos*]" = "";
				"CODE_SIGN_IDENTITY[sdk=watchos*]" = "iPhone Developer";
				CODE_SIGN_STYLE = Automatic;
				DEVELOPMENT_TEAM = "";
				IBSC_MODULE = Watch_Extension;
				INFOPLIST_FILE = Watch/Info.plist;
				PRODUCT_BUNDLE_IDENTIFIER = jp.yuki.yoshinaga.IntervalTimer.watchkitapp;
				PRODUCT_NAME = "$(TARGET_NAME)";
				PROVISIONING_PROFILE = "";
				PROVISIONING_PROFILE_SPECIFIER = "";
				SDKROOT = watchos;
				SKIP_INSTALL = YES;
				TARGETED_DEVICE_FAMILY = 4;
				WATCHOS_DEPLOYMENT_TARGET = 4.0;
			};
			name = Debug;
		};
		19FDAA321BE8E67B003B2934 /* Release */ = {
			isa = XCBuildConfiguration;
			buildSettings = {
				ALWAYS_EMBED_SWIFT_STANDARD_LIBRARIES = YES;
				ASSETCATALOG_COMPILER_APPICON_NAME = WatchAppIcon;
				CODE_SIGN_IDENTITY = "iPhone Distribution: Yuuki Yoshinaga (ZQYAYZMHPA)";
				"CODE_SIGN_IDENTITY[sdk=iphoneos*]" = "";
				"CODE_SIGN_IDENTITY[sdk=watchos*]" = "iPhone Developer";
				CODE_SIGN_STYLE = Automatic;
				DEVELOPMENT_TEAM = "";
				IBSC_MODULE = Watch_Extension;
				INFOPLIST_FILE = Watch/Info.plist;
				ONLY_ACTIVE_ARCH = YES;
				PRODUCT_BUNDLE_IDENTIFIER = jp.yuki.yoshinaga.IntervalTimer.watchkitapp;
				PRODUCT_NAME = "$(TARGET_NAME)";
				PROVISIONING_PROFILE = "";
				PROVISIONING_PROFILE_SPECIFIER = "";
				SDKROOT = watchos;
				SKIP_INSTALL = YES;
				TARGETED_DEVICE_FAMILY = 4;
				WATCHOS_DEPLOYMENT_TARGET = 4.0;
			};
			name = Release;
		};
		19FDAA491BE8F4F1003B2934 /* Debug */ = {
			isa = XCBuildConfiguration;
			buildSettings = {
				APPLICATION_EXTENSION_API_ONLY = NO;
				CLANG_ENABLE_MODULES = YES;
				CODE_SIGN_IDENTITY = "iPhone Developer";
				"CODE_SIGN_IDENTITY[sdk=iphoneos*]" = "";
				"CODE_SIGN_IDENTITY[sdk=watchos*]" = "iPhone Developer";
				CURRENT_PROJECT_VERSION = 1;
				DEFINES_MODULE = YES;
				DYLIB_COMPATIBILITY_VERSION = 1;
				DYLIB_CURRENT_VERSION = 1;
				DYLIB_INSTALL_NAME_BASE = "@rpath";
				ENABLE_BITCODE = YES;
				INFOPLIST_FILE = IntervalTimerKit/Info.plist;
				INSTALL_PATH = "$(LOCAL_LIBRARY_DIR)/Frameworks";
				IPHONEOS_DEPLOYMENT_TARGET = 8.2;
				LD_RUNPATH_SEARCH_PATHS = "$(inherited) @executable_path/Frameworks @loader_path/Frameworks";
				PRODUCT_BUNDLE_IDENTIFIER = jp.yuki.yoshinaga.IntervalTimerKit;
				PRODUCT_NAME = "$(TARGET_NAME)";
				PROVISIONING_PROFILE = "";
				SDKROOT = iphoneos;
				SKIP_INSTALL = YES;
				SUPPORTED_PLATFORMS = "iphonesimulator iphoneos";
				SWIFT_OPTIMIZATION_LEVEL = "-Onone";
				SWIFT_VERSION = 4.0;
				TARGETED_DEVICE_FAMILY = "1,2";
				VERSIONING_SYSTEM = "apple-generic";
				VERSION_INFO_PREFIX = "";
			};
			name = Debug;
		};
		19FDAA4A1BE8F4F1003B2934 /* Release */ = {
			isa = XCBuildConfiguration;
			buildSettings = {
				APPLICATION_EXTENSION_API_ONLY = NO;
				CLANG_ENABLE_MODULES = YES;
				CODE_SIGN_IDENTITY = "iPhone Developer";
				"CODE_SIGN_IDENTITY[sdk=iphoneos*]" = "";
				"CODE_SIGN_IDENTITY[sdk=watchos*]" = "iPhone Developer";
				CURRENT_PROJECT_VERSION = 1;
				DEFINES_MODULE = YES;
				DYLIB_COMPATIBILITY_VERSION = 1;
				DYLIB_CURRENT_VERSION = 1;
				DYLIB_INSTALL_NAME_BASE = "@rpath";
				ENABLE_BITCODE = YES;
				INFOPLIST_FILE = IntervalTimerKit/Info.plist;
				INSTALL_PATH = "$(LOCAL_LIBRARY_DIR)/Frameworks";
				IPHONEOS_DEPLOYMENT_TARGET = 8.2;
				LD_RUNPATH_SEARCH_PATHS = "$(inherited) @executable_path/Frameworks @loader_path/Frameworks";
				ONLY_ACTIVE_ARCH = YES;
				PRODUCT_BUNDLE_IDENTIFIER = jp.yuki.yoshinaga.IntervalTimerKit;
				PRODUCT_NAME = "$(TARGET_NAME)";
				PROVISIONING_PROFILE = "";
				SDKROOT = iphoneos;
				SKIP_INSTALL = YES;
				SUPPORTED_PLATFORMS = "iphonesimulator iphoneos";
				SWIFT_VERSION = 4.0;
				TARGETED_DEVICE_FAMILY = "1,2";
				VERSIONING_SYSTEM = "apple-generic";
				VERSION_INFO_PREFIX = "";
			};
			name = Release;
		};
/* End XCBuildConfiguration section */

/* Begin XCConfigurationList section */
		1949B3301BEA4D5400D730F3 /* Build configuration list for PBXNativeTarget "IntervalTimerKit2" */ = {
			isa = XCConfigurationList;
			buildConfigurations = (
				1949B3311BEA4D5400D730F3 /* Debug */,
				1949B3321BEA4D5400D730F3 /* Release */,
			);
			defaultConfigurationIsVisible = 0;
			defaultConfigurationName = Debug;
		};
		199448BE1BDCEEE600F5E45C /* Build configuration list for PBXProject "IntervalTimer" */ = {
			isa = XCConfigurationList;
			buildConfigurations = (
				199448D61BDCEEE600F5E45C /* Debug */,
				199448D71BDCEEE600F5E45C /* Release */,
			);
			defaultConfigurationIsVisible = 0;
			defaultConfigurationName = Debug;
		};
		199448D81BDCEEE600F5E45C /* Build configuration list for PBXNativeTarget "IntervalTimer" */ = {
			isa = XCConfigurationList;
			buildConfigurations = (
				199448D91BDCEEE600F5E45C /* Debug */,
				199448DA1BDCEEE600F5E45C /* Release */,
			);
			defaultConfigurationIsVisible = 0;
			defaultConfigurationName = Debug;
		};
		19FDAA2C1BE8E67B003B2934 /* Build configuration list for PBXNativeTarget "Watch Extension" */ = {
			isa = XCConfigurationList;
			buildConfigurations = (
				19FDAA2D1BE8E67B003B2934 /* Debug */,
				19FDAA2E1BE8E67B003B2934 /* Release */,
			);
			defaultConfigurationIsVisible = 0;
			defaultConfigurationName = Debug;
		};
		19FDAA301BE8E67B003B2934 /* Build configuration list for PBXNativeTarget "Watch" */ = {
			isa = XCConfigurationList;
			buildConfigurations = (
				19FDAA311BE8E67B003B2934 /* Debug */,
				19FDAA321BE8E67B003B2934 /* Release */,
			);
			defaultConfigurationIsVisible = 0;
			defaultConfigurationName = Debug;
		};
		19FDAA481BE8F4F1003B2934 /* Build configuration list for PBXNativeTarget "IntervalTimerKit" */ = {
			isa = XCConfigurationList;
			buildConfigurations = (
				19FDAA491BE8F4F1003B2934 /* Debug */,
				19FDAA4A1BE8F4F1003B2934 /* Release */,
			);
			defaultConfigurationIsVisible = 0;
			defaultConfigurationName = Debug;
		};
/* End XCConfigurationList section */

/* Begin XCVersionGroup section */
		199448CD1BDCEEE600F5E45C /* IntervalTimer.xcdatamodeld */ = {
			isa = XCVersionGroup;
			children = (
				199448CE1BDCEEE600F5E45C /* IntervalTimer.xcdatamodel */,
			);
			currentVersion = 199448CE1BDCEEE600F5E45C /* IntervalTimer.xcdatamodel */;
			path = IntervalTimer.xcdatamodeld;
			sourceTree = "<group>";
			versionGroupType = wrapper.xcdatamodel;
		};
/* End XCVersionGroup section */
	};
	rootObject = 199448BB1BDCEEE600F5E45C /* Project object */;
}
